
Microsoft Visual Studio Solution File, Format Version 12.00
# Visual Studio Version 16
VisualStudioVersion = 16.0.30611.23
MinimumVisualStudioVersion = 10.0.40219.1
Project("{FAE04EC0-301F-11D3-BF4B-00C04F79EFBC}") = "tutorial_01", "tutorial_01.csproj", "{FBCB2491-F623-4E72-BEC1-5C00A2A9C1CD}"
EndProject
Global
	GlobalSection(SolutionConfigurationPlatforms) = preSolution
		Debug|Any CPU = Debug|Any CPU
		Release|Any CPU = Release|Any CPU
	EndGlobalSection
	GlobalSection(ProjectConfigurationPlatforms) = postSolution
		{FBCB2491-F623-4E72-BEC1-5C00A2A9C1CD}.Debug|Any CPU.ActiveCfg = Debug|Any CPU
		{FBCB2491-F623-4E72-BEC1-5C00A2A9C1CD}.Debug|Any CPU.Build.0 = Debug|Any CPU
		{FBCB2491-F623-4E72-BEC1-5C00A2A9C1CD}.Release|Any CPU.ActiveCfg = Release|Any CPU
		{FBCB2491-F623-4E72-BEC1-5C00A2A9C1CD}.Release|Any CPU.Build.0 = Release|Any CPU
	EndGlobalSection
	GlobalSection(SolutionProperties) = preSolution
		HideSolutionNode = FALSE
	EndGlobalSection
	GlobalSection(ExtensibilityGlobals) = postSolution
		SolutionGuid = {C9411812-890F-4296-AE15-C5F833BCF652}
	EndGlobalSection
EndGlobal
